{
  "requires": true,
  "lockfileVersion": 1,
  "dependencies": {
    "emmet": {
      "version": "2.0.0-rc.3",
      "resolved": "https://registry.npmjs.org/emmet/-/emmet-2.0.0-rc.3.tgz",
      "integrity": "sha512-Ing64dvKBXAW38Bt8MmkYimqAHMAEpKSOV3WsPZN51oEX7DsuntLhJmcQyxyMgrXicwgwfY9w4ZUjCA2lw8beA=="
    }
  }
}
